
Microsoft Visual Studio Solution File, Format Version 12.00
# Visual Studio Version 16
VisualStudioVersion = 16.0.31205.134
MinimumVisualStudioVersion = 10.0.40219.1
Project("{F184B08F-C81C-45F6-A57F-5ABD9991F28F}") = "adivina_la_pelicula", "adivina_la_pelicula\adivina_la_pelicula.vbproj", "{2D5BDF08-4825-4A1D-A6B4-A8B7DA911AFE}"
EndProject
Global
	GlobalSection(SolutionConfigurationPlatforms) = preSolution
		Debug|Any CPU = Debug|Any CPU
		Release|Any CPU = Release|Any CPU
	EndGlobalSection
	GlobalSection(ProjectConfigurationPlatforms) = postSolution
		{2D5BDF08-4825-4A1D-A6B4-A8B7DA911AFE}.Debug|Any CPU.ActiveCfg = Debug|Any CPU
		{2D5BDF08-4825-4A1D-A6B4-A8B7DA911AFE}.Debug|Any CPU.Build.0 = Debug|Any CPU
		{2D5BDF08-4825-4A1D-A6B4-A8B7DA911AFE}.Release|Any CPU.ActiveCfg = Release|Any CPU
		{2D5BDF08-4825-4A1D-A6B4-A8B7DA911AFE}.Release|Any CPU.Build.0 = Release|Any CPU
	EndGlobalSection
	GlobalSection(SolutionProperties) = preSolution
		HideSolutionNode = FALSE
	EndGlobalSection
	GlobalSection(ExtensibilityGlobals) = postSolution
		SolutionGuid = {26BD1B9B-DDE0-4B18-BBDB-412EC7DCFC97}
	EndGlobalSection
EndGlobal
